
Microsoft Visual Studio Solution File, Format Version 12.00
# Visual Studio 15
VisualStudioVersion = 15.0.26403.7
MinimumVisualStudioVersion = 10.0.40219.1
Project("{FAE04EC0-301F-11D3-BF4B-00C04F79EFBC}") = "TTSSX", "TTSSX\TTSSX\TTSSX.csproj", "{09586CA7-5427-43FF-86C6-DC45EFCAE7E8}"
EndProject
Project("{FAE04EC0-301F-11D3-BF4B-00C04F79EFBC}") = "TTSSX.Android", "TTSSX\TTSSX.Android\TTSSX.Android.csproj", "{5C710D66-C03E-4E4A-AA33-A11C6129065F}"
EndProject
Project("{FAE04EC0-301F-11D3-BF4B-00C04F79EFBC}") = "TTSSX.iOS", "TTSSX\TTSSX.iOS\TTSSX.iOS.csproj", "{54786004-9048-440D-B71E-38AFFAB7BDA6}"
EndProject
Project("{FAE04EC0-301F-11D3-BF4B-00C04F79EFBC}") = "TTSSX.UWP", "TTSSX\TTSSX.UWP\TTSSX.UWP.csproj", "{DB5350F4-C17E-4A0D-9E26-F78202818B06}"
EndProject
Project("{FAE04EC0-301F-11D3-BF4B-00C04F79EFBC}") = "TTSSLib", "TTSS\TTSSLib.csproj", "{F778176C-232E-464A-98A1-20D726ADB0BB}"
EndProject
Project("{FAE04EC0-301F-11D3-BF4B-00C04F79EFBC}") = "TTSSXTest", "TTSSXTest\TTSSXTest.csproj", "{9E08FBC1-2626-4B82-985E-BE16BD13FE95}"
EndProject
Global
	GlobalSection(SolutionConfigurationPlatforms) = preSolution
		Debug|Any CPU = Debug|Any CPU
		Debug|ARM = Debug|ARM
		Debug|iPhone = Debug|iPhone
		Debug|iPhoneSimulator = Debug|iPhoneSimulator
		Debug|x64 = Debug|x64
		Debug|x86 = Debug|x86
		Release|Any CPU = Release|Any CPU
		Release|ARM = Release|ARM
		Release|iPhone = Release|iPhone
		Release|iPhoneSimulator = Release|iPhoneSimulator
		Release|x64 = Release|x64
		Release|x86 = Release|x86
	EndGlobalSection
	GlobalSection(ProjectConfigurationPlatforms) = postSolution
		{09586CA7-5427-43FF-86C6-DC45EFCAE7E8}.Debug|Any CPU.ActiveCfg = Debug|Any CPU
		{09586CA7-5427-43FF-86C6-DC45EFCAE7E8}.Debug|Any CPU.Build.0 = Debug|Any CPU
		{09586CA7-5427-43FF-86C6-DC45EFCAE7E8}.Debug|ARM.ActiveCfg = Debug|Any CPU
		{09586CA7-5427-43FF-86C6-DC45EFCAE7E8}.Debug|ARM.Build.0 = Debug|Any CPU
		{09586CA7-5427-43FF-86C6-DC45EFCAE7E8}.Debug|iPhone.ActiveCfg = Debug|Any CPU
		{09586CA7-5427-43FF-86C6-DC45EFCAE7E8}.Debug|iPhone.Build.0 = Debug|Any CPU
		{09586CA7-5427-43FF-86C6-DC45EFCAE7E8}.Debug|iPhoneSimulator.ActiveCfg = Debug|Any CPU
		{09586CA7-5427-43FF-86C6-DC45EFCAE7E8}.Debug|iPhoneSimulator.Build.0 = Debug|Any CPU
		{09586CA7-5427-43FF-86C6-DC45EFCAE7E8}.Debug|x64.ActiveCfg = Debug|Any CPU
		{09586CA7-5427-43FF-86C6-DC45EFCAE7E8}.Debug|x64.Build.0 = Debug|Any CPU
		{09586CA7-5427-43FF-86C6-DC45EFCAE7E8}.Debug|x86.ActiveCfg = Debug|Any CPU
		{09586CA7-5427-43FF-86C6-DC45EFCAE7E8}.Debug|x86.Build.0 = Debug|Any CPU
		{09586CA7-5427-43FF-86C6-DC45EFCAE7E8}.Release|Any CPU.ActiveCfg = Release|Any CPU
		{09586CA7-5427-43FF-86C6-DC45EFCAE7E8}.Release|Any CPU.Build.0 = Release|Any CPU
		{09586CA7-5427-43FF-86C6-DC45EFCAE7E8}.Release|ARM.ActiveCfg = Release|Any CPU
		{09586CA7-5427-43FF-86C6-DC45EFCAE7E8}.Release|ARM.Build.0 = Release|Any CPU
		{09586CA7-5427-43FF-86C6-DC45EFCAE7E8}.Release|iPhone.ActiveCfg = Release|Any CPU
		{09586CA7-5427-43FF-86C6-DC45EFCAE7E8}.Release|iPhone.Build.0 = Release|Any CPU
		{09586CA7-5427-43FF-86C6-DC45EFCAE7E8}.Release|iPhoneSimulator.ActiveCfg = Release|Any CPU
		{09586CA7-5427-43FF-86C6-DC45EFCAE7E8}.Release|iPhoneSimulator.Build.0 = Release|Any CPU
		{09586CA7-5427-43FF-86C6-DC45EFCAE7E8}.Release|x64.ActiveCfg = Release|Any CPU
		{09586CA7-5427-43FF-86C6-DC45EFCAE7E8}.Release|x64.Build.0 = Release|Any CPU
		{09586CA7-5427-43FF-86C6-DC45EFCAE7E8}.Release|x86.ActiveCfg = Release|Any CPU
		{09586CA7-5427-43FF-86C6-DC45EFCAE7E8}.Release|x86.Build.0 = Release|Any CPU
		{5C710D66-C03E-4E4A-AA33-A11C6129065F}.Debug|Any CPU.ActiveCfg = Debug|Any CPU
		{5C710D66-C03E-4E4A-AA33-A11C6129065F}.Debug|Any CPU.Build.0 = Debug|Any CPU
		{5C710D66-C03E-4E4A-AA33-A11C6129065F}.Debug|Any CPU.Deploy.0 = Debug|Any CPU
		{5C710D66-C03E-4E4A-AA33-A11C6129065F}.Debug|ARM.ActiveCfg = Debug|Any CPU
		{5C710D66-C03E-4E4A-AA33-A11C6129065F}.Debug|ARM.Build.0 = Debug|Any CPU
		{5C710D66-C03E-4E4A-AA33-A11C6129065F}.Debug|ARM.Deploy.0 = Debug|Any CPU
		{5C710D66-C03E-4E4A-AA33-A11C6129065F}.Debug|iPhone.ActiveCfg = Debug|Any CPU
		{5C710D66-C03E-4E4A-AA33-A11C6129065F}.Debug|iPhone.Build.0 = Debug|Any CPU
		{5C710D66-C03E-4E4A-AA33-A11C6129065F}.Debug|iPhone.Deploy.0 = Debug|Any CPU
		{5C710D66-C03E-4E4A-AA33-A11C6129065F}.Debug|iPhoneSimulator.ActiveCfg = Debug|Any CPU
		{5C710D66-C03E-4E4A-AA33-A11C6129065F}.Debug|iPhoneSimulator.Build.0 = Debug|Any CPU
		{5C710D66-C03E-4E4A-AA33-A11C6129065F}.Debug|iPhoneSimulator.Deploy.0 = Debug|Any CPU
		{5C710D66-C03E-4E4A-AA33-A11C6129065F}.Debug|x64.ActiveCfg = Debug|Any CPU
		{5C710D66-C03E-4E4A-AA33-A11C6129065F}.Debug|x64.Build.0 = Debug|Any CPU
		{5C710D66-C03E-4E4A-AA33-A11C6129065F}.Debug|x64.Deploy.0 = Debug|Any CPU
		{5C710D66-C03E-4E4A-AA33-A11C6129065F}.Debug|x86.ActiveCfg = Debug|Any CPU
		{5C710D66-C03E-4E4A-AA33-A11C6129065F}.Debug|x86.Build.0 = Debug|Any CPU
		{5C710D66-C03E-4E4A-AA33-A11C6129065F}.Debug|x86.Deploy.0 = Debug|Any CPU
		{5C710D66-C03E-4E4A-AA33-A11C6129065F}.Release|Any CPU.ActiveCfg = Release|Any CPU
		{5C710D66-C03E-4E4A-AA33-A11C6129065F}.Release|Any CPU.Build.0 = Release|Any CPU
		{5C710D66-C03E-4E4A-AA33-A11C6129065F}.Release|Any CPU.Deploy.0 = Release|Any CPU
		{5C710D66-C03E-4E4A-AA33-A11C6129065F}.Release|ARM.ActiveCfg = Release|Any CPU
		{5C710D66-C03E-4E4A-AA33-A11C6129065F}.Release|ARM.Build.0 = Release|Any CPU
		{5C710D66-C03E-4E4A-AA33-A11C6129065F}.Release|ARM.Deploy.0 = Release|Any CPU
		{5C710D66-C03E-4E4A-AA33-A11C6129065F}.Release|iPhone.ActiveCfg = Release|Any CPU
		{5C710D66-C03E-4E4A-AA33-A11C6129065F}.Release|iPhone.Build.0 = Release|Any CPU
		{5C710D66-C03E-4E4A-AA33-A11C6129065F}.Release|iPhone.Deploy.0 = Release|Any CPU
		{5C710D66-C03E-4E4A-AA33-A11C6129065F}.Release|iPhoneSimulator.ActiveCfg = Release|Any CPU
		{5C710D66-C03E-4E4A-AA33-A11C6129065F}.Release|iPhoneSimulator.Build.0 = Release|Any CPU
		{5C710D66-C03E-4E4A-AA33-A11C6129065F}.Release|iPhoneSimulator.Deploy.0 = Release|Any CPU
		{5C710D66-C03E-4E4A-AA33-A11C6129065F}.Release|x64.ActiveCfg = Release|Any CPU
		{5C710D66-C03E-4E4A-AA33-A11C6129065F}.Release|x64.Build.0 = Release|Any CPU
		{5C710D66-C03E-4E4A-AA33-A11C6129065F}.Release|x64.Deploy.0 = Release|Any CPU
		{5C710D66-C03E-4E4A-AA33-A11C6129065F}.Release|x86.ActiveCfg = Release|Any CPU
		{5C710D66-C03E-4E4A-AA33-A11C6129065F}.Release|x86.Build.0 = Release|Any CPU
		{5C710D66-C03E-4E4A-AA33-A11C6129065F}.Release|x86.Deploy.0 = Release|Any CPU
		{54786004-9048-440D-B71E-38AFFAB7BDA6}.Debug|Any CPU.ActiveCfg = Debug|iPhone
		{54786004-9048-440D-B71E-38AFFAB7BDA6}.Debug|ARM.ActiveCfg = Debug|iPhone
		{54786004-9048-440D-B71E-38AFFAB7BDA6}.Debug|iPhone.ActiveCfg = Debug|iPhone
		{54786004-9048-440D-B71E-38AFFAB7BDA6}.Debug|iPhone.Build.0 = Debug|iPhone
		{54786004-9048-440D-B71E-38AFFAB7BDA6}.Debug|iPhoneSimulator.ActiveCfg = Debug|iPhoneSimulator
		{54786004-9048-440D-B71E-38AFFAB7BDA6}.Debug|iPhoneSimulator.Build.0 = Debug|iPhoneSimulator
		{54786004-9048-440D-B71E-38AFFAB7BDA6}.Debug|x64.ActiveCfg = Debug|iPhone
		{54786004-9048-440D-B71E-38AFFAB7BDA6}.Debug|x86.ActiveCfg = Debug|iPhone
		{54786004-9048-440D-B71E-38AFFAB7BDA6}.Release|Any CPU.ActiveCfg = Release|iPhone
		{54786004-9048-440D-B71E-38AFFAB7BDA6}.Release|ARM.ActiveCfg = Release|iPhone
		{54786004-9048-440D-B71E-38AFFAB7BDA6}.Release|iPhone.ActiveCfg = Release|iPhone
		{54786004-9048-440D-B71E-38AFFAB7BDA6}.Release|iPhone.Build.0 = Release|iPhone
		{54786004-9048-440D-B71E-38AFFAB7BDA6}.Release|iPhoneSimulator.ActiveCfg = Release|iPhoneSimulator
		{54786004-9048-440D-B71E-38AFFAB7BDA6}.Release|iPhoneSimulator.Build.0 = Release|iPhoneSimulator
		{54786004-9048-440D-B71E-38AFFAB7BDA6}.Release|x64.ActiveCfg = Release|iPhone
		{54786004-9048-440D-B71E-38AFFAB7BDA6}.Release|x86.ActiveCfg = Release|iPhone
		{DB5350F4-C17E-4A0D-9E26-F78202818B06}.Debug|Any CPU.ActiveCfg = Debug|x86
		{DB5350F4-C17E-4A0D-9E26-F78202818B06}.Debug|ARM.ActiveCfg = Debug|ARM
		{DB5350F4-C17E-4A0D-9E26-F78202818B06}.Debug|ARM.Build.0 = Debug|ARM
		{DB5350F4-C17E-4A0D-9E26-F78202818B06}.Debug|ARM.Deploy.0 = Debug|ARM
		{DB5350F4-C17E-4A0D-9E26-F78202818B06}.Debug|iPhone.ActiveCfg = Debug|x86
		{DB5350F4-C17E-4A0D-9E26-F78202818B06}.Debug|iPhoneSimulator.ActiveCfg = Debug|x86
		{DB5350F4-C17E-4A0D-9E26-F78202818B06}.Debug|x64.ActiveCfg = Debug|x64
		{DB5350F4-C17E-4A0D-9E26-F78202818B06}.Debug|x64.Build.0 = Debug|x64
		{DB5350F4-C17E-4A0D-9E26-F78202818B06}.Debug|x64.Deploy.0 = Debug|x64
		{DB5350F4-C17E-4A0D-9E26-F78202818B06}.Debug|x86.ActiveCfg = Debug|x86
		{DB5350F4-C17E-4A0D-9E26-F78202818B06}.Debug|x86.Build.0 = Debug|x86
		{DB5350F4-C17E-4A0D-9E26-F78202818B06}.Debug|x86.Deploy.0 = Debug|x86
		{DB5350F4-C17E-4A0D-9E26-F78202818B06}.Release|Any CPU.ActiveCfg = Release|x86
		{DB5350F4-C17E-4A0D-9E26-F78202818B06}.Release|ARM.ActiveCfg = Release|ARM
		{DB5350F4-C17E-4A0D-9E26-F78202818B06}.Release|ARM.Build.0 = Release|ARM
		{DB5350F4-C17E-4A0D-9E26-F78202818B06}.Release|ARM.Deploy.0 = Release|ARM
		{DB5350F4-C17E-4A0D-9E26-F78202818B06}.Release|iPhone.ActiveCfg = Release|x86
		{DB5350F4-C17E-4A0D-9E26-F78202818B06}.Release|iPhoneSimulator.ActiveCfg = Release|x86
		{DB5350F4-C17E-4A0D-9E26-F78202818B06}.Release|x64.ActiveCfg = Release|x64
		{DB5350F4-C17E-4A0D-9E26-F78202818B06}.Release|x64.Build.0 = Release|x64
		{DB5350F4-C17E-4A0D-9E26-F78202818B06}.Release|x64.Deploy.0 = Release|x64
		{DB5350F4-C17E-4A0D-9E26-F78202818B06}.Release|x86.ActiveCfg = Release|x86
		{DB5350F4-C17E-4A0D-9E26-F78202818B06}.Release|x86.Build.0 = Release|x86
		{DB5350F4-C17E-4A0D-9E26-F78202818B06}.Release|x86.Deploy.0 = Release|x86
		{F778176C-232E-464A-98A1-20D726ADB0BB}.Debug|Any CPU.ActiveCfg = Debug|Any CPU
		{F778176C-232E-464A-98A1-20D726ADB0BB}.Debug|Any CPU.Build.0 = Debug|Any CPU
		{F778176C-232E-464A-98A1-20D726ADB0BB}.Debug|ARM.ActiveCfg = Debug|Any CPU
		{F778176C-232E-464A-98A1-20D726ADB0BB}.Debug|ARM.Build.0 = Debug|Any CPU
		{F778176C-232E-464A-98A1-20D726ADB0BB}.Debug|iPhone.ActiveCfg = Debug|Any CPU
		{F778176C-232E-464A-98A1-20D726ADB0BB}.Debug|iPhone.Build.0 = Debug|Any CPU
		{F778176C-232E-464A-98A1-20D726ADB0BB}.Debug|iPhoneSimulator.ActiveCfg = Debug|Any CPU
		{F778176C-232E-464A-98A1-20D726ADB0BB}.Debug|iPhoneSimulator.Build.0 = Debug|Any CPU
		{F778176C-232E-464A-98A1-20D726ADB0BB}.Debug|x64.ActiveCfg = Debug|Any CPU
		{F778176C-232E-464A-98A1-20D726ADB0BB}.Debug|x64.Build.0 = Debug|Any CPU
		{F778176C-232E-464A-98A1-20D726ADB0BB}.Debug|x86.ActiveCfg = Debug|Any CPU
		{F778176C-232E-464A-98A1-20D726ADB0BB}.Debug|x86.Build.0 = Debug|Any CPU
		{F778176C-232E-464A-98A1-20D726ADB0BB}.Release|Any CPU.ActiveCfg = Release|Any CPU
		{F778176C-232E-464A-98A1-20D726ADB0BB}.Release|Any CPU.Build.0 = Release|Any CPU
		{F778176C-232E-464A-98A1-20D726ADB0BB}.Release|ARM.ActiveCfg = Release|Any CPU
		{F778176C-232E-464A-98A1-20D726ADB0BB}.Release|ARM.Build.0 = Release|Any CPU
		{F778176C-232E-464A-98A1-20D726ADB0BB}.Release|iPhone.ActiveCfg = Release|Any CPU
		{F778176C-232E-464A-98A1-20D726ADB0BB}.Release|iPhone.Build.0 = Release|Any CPU
		{F778176C-232E-464A-98A1-20D726ADB0BB}.Release|iPhoneSimulator.ActiveCfg = Release|Any CPU
		{F778176C-232E-464A-98A1-20D726ADB0BB}.Release|iPhoneSimulator.Build.0 = Release|Any CPU
		{F778176C-232E-464A-98A1-20D726ADB0BB}.Release|x64.ActiveCfg = Release|Any CPU
		{F778176C-232E-464A-98A1-20D726ADB0BB}.Release|x64.Build.0 = Release|Any CPU
		{F778176C-232E-464A-98A1-20D726ADB0BB}.Release|x86.ActiveCfg = Release|Any CPU
		{F778176C-232E-464A-98A1-20D726ADB0BB}.Release|x86.Build.0 = Release|Any CPU
		{9E08FBC1-2626-4B82-985E-BE16BD13FE95}.Debug|Any CPU.ActiveCfg = Debug|Any CPU
		{9E08FBC1-2626-4B82-985E-BE16BD13FE95}.Debug|Any CPU.Build.0 = Debug|Any CPU
		{9E08FBC1-2626-4B82-985E-BE16BD13FE95}.Debug|ARM.ActiveCfg = Debug|Any CPU
		{9E08FBC1-2626-4B82-985E-BE16BD13FE95}.Debug|ARM.Build.0 = Debug|Any CPU
		{9E08FBC1-2626-4B82-985E-BE16BD13FE95}.Debug|iPhone.ActiveCfg = Debug|Any CPU
		{9E08FBC1-2626-4B82-985E-BE16BD13FE95}.Debug|iPhone.Build.0 = Debug|Any CPU
		{9E08FBC1-2626-4B82-985E-BE16BD13FE95}.Debug|iPhoneSimulator.ActiveCfg = Debug|Any CPU
		{9E08FBC1-2626-4B82-985E-BE16BD13FE95}.Debug|iPhoneSimulator.Build.0 = Debug|Any CPU
		{9E08FBC1-2626-4B82-985E-BE16BD13FE95}.Debug|x64.ActiveCfg = Debug|Any CPU
		{9E08FBC1-2626-4B82-985E-BE16BD13FE95}.Debug|x64.Build.0 = Debug|Any CPU
		{9E08FBC1-2626-4B82-985E-BE16BD13FE95}.Debug|x86.ActiveCfg = Debug|Any CPU
		{9E08FBC1-2626-4B82-985E-BE16BD13FE95}.Debug|x86.Build.0 = Debug|Any CPU
		{9E08FBC1-2626-4B82-985E-BE16BD13FE95}.Release|Any CPU.ActiveCfg = Release|Any CPU
		{9E08FBC1-2626-4B82-985E-BE16BD13FE95}.Release|Any CPU.Build.0 = Release|Any CPU
		{9E08FBC1-2626-4B82-985E-BE16BD13FE95}.Release|ARM.ActiveCfg = Release|Any CPU
		{9E08FBC1-2626-4B82-985E-BE16BD13FE95}.Release|ARM.Build.0 = Release|Any CPU
		{9E08FBC1-2626-4B82-985E-BE16BD13FE95}.Release|iPhone.ActiveCfg = Release|Any CPU
		{9E08FBC1-2626-4B82-985E-BE16BD13FE95}.Release|iPhone.Build.0 = Release|Any CPU
		{9E08FBC1-2626-4B82-985E-BE16BD13FE95}.Release|iPhoneSimulator.ActiveCfg = Release|Any CPU
		{9E08FBC1-2626-4B82-985E-BE16BD13FE95}.Release|iPhoneSimulator.Build.0 = Release|Any CPU
		{9E08FBC1-2626-4B82-985E-BE16BD13FE95}.Release|x64.ActiveCfg = Release|Any CPU
		{9E08FBC1-2626-4B82-985E-BE16BD13FE95}.Release|x64.Build.0 = Release|Any CPU
		{9E08FBC1-2626-4B82-985E-BE16BD13FE95}.Release|x86.ActiveCfg = Release|Any CPU
		{9E08FBC1-2626-4B82-985E-BE16BD13FE95}.Release|x86.Build.0 = Release|Any CPU
	EndGlobalSection
	GlobalSection(SolutionProperties) = preSolution
		HideSolutionNode = FALSE
	EndGlobalSection
EndGlobal
