
Microsoft Visual Studio Solution File, Format Version 12.00
# Visual Studio 14
VisualStudioVersion = 14.0.24720.0
MinimumVisualStudioVersion = 10.0.40219.1
Project("{FAE04EC0-301F-11D3-BF4B-00C04F79EFBC}") = "TTSSX.Droid", "TTSSX\TTSSX.Droid\TTSSX.Droid.csproj", "{36928FC2-DC99-4B67-9115-3EB7B4DBFB3B}"
EndProject
Project("{FAE04EC0-301F-11D3-BF4B-00C04F79EFBC}") = "TTSSX.iOS", "TTSSX\TTSSX.iOS\TTSSX.iOS.csproj", "{F7684FA9-128B-4287-8A07-6A6B3B898E69}"
EndProject
Project("{FAE04EC0-301F-11D3-BF4B-00C04F79EFBC}") = "TTSSX.UWP", "TTSSX\TTSSX.UWP\TTSSX.UWP.csproj", "{43CEBD75-F28D-46DB-8324-ADC2FB4B7C58}"
EndProject
Project("{FAE04EC0-301F-11D3-BF4B-00C04F79EFBC}") = "TTSSX", "TTSSX\TTSSX\TTSSX.csproj", "{6D3CF23F-E8CA-4E46-A3B5-E1286A3EAB48}"
EndProject
Project("{FAE04EC0-301F-11D3-BF4B-00C04F79EFBC}") = "TTSSLib", "..\TTSSTest\TTSS\TTSSLib.csproj", "{F778176C-232E-464A-98A1-20D726ADB0BB}"
EndProject
Global
	GlobalSection(SolutionConfigurationPlatforms) = preSolution
		Ad-Hoc|Any CPU = Ad-Hoc|Any CPU
		Ad-Hoc|ARM = Ad-Hoc|ARM
		Ad-Hoc|iPhone = Ad-Hoc|iPhone
		Ad-Hoc|iPhoneSimulator = Ad-Hoc|iPhoneSimulator
		Ad-Hoc|x64 = Ad-Hoc|x64
		Ad-Hoc|x86 = Ad-Hoc|x86
		AppStore|Any CPU = AppStore|Any CPU
		AppStore|ARM = AppStore|ARM
		AppStore|iPhone = AppStore|iPhone
		AppStore|iPhoneSimulator = AppStore|iPhoneSimulator
		AppStore|x64 = AppStore|x64
		AppStore|x86 = AppStore|x86
		Debug|Any CPU = Debug|Any CPU
		Debug|ARM = Debug|ARM
		Debug|iPhone = Debug|iPhone
		Debug|iPhoneSimulator = Debug|iPhoneSimulator
		Debug|x64 = Debug|x64
		Debug|x86 = Debug|x86
		Release|Any CPU = Release|Any CPU
		Release|ARM = Release|ARM
		Release|iPhone = Release|iPhone
		Release|iPhoneSimulator = Release|iPhoneSimulator
		Release|x64 = Release|x64
		Release|x86 = Release|x86
	EndGlobalSection
	GlobalSection(ProjectConfigurationPlatforms) = postSolution
		{36928FC2-DC99-4B67-9115-3EB7B4DBFB3B}.Ad-Hoc|Any CPU.ActiveCfg = Release|Any CPU
		{36928FC2-DC99-4B67-9115-3EB7B4DBFB3B}.Ad-Hoc|Any CPU.Build.0 = Release|Any CPU
		{36928FC2-DC99-4B67-9115-3EB7B4DBFB3B}.Ad-Hoc|Any CPU.Deploy.0 = Release|Any CPU
		{36928FC2-DC99-4B67-9115-3EB7B4DBFB3B}.Ad-Hoc|ARM.ActiveCfg = Release|Any CPU
		{36928FC2-DC99-4B67-9115-3EB7B4DBFB3B}.Ad-Hoc|ARM.Build.0 = Release|Any CPU
		{36928FC2-DC99-4B67-9115-3EB7B4DBFB3B}.Ad-Hoc|ARM.Deploy.0 = Release|Any CPU
		{36928FC2-DC99-4B67-9115-3EB7B4DBFB3B}.Ad-Hoc|iPhone.ActiveCfg = Release|Any CPU
		{36928FC2-DC99-4B67-9115-3EB7B4DBFB3B}.Ad-Hoc|iPhone.Build.0 = Release|Any CPU
		{36928FC2-DC99-4B67-9115-3EB7B4DBFB3B}.Ad-Hoc|iPhone.Deploy.0 = Release|Any CPU
		{36928FC2-DC99-4B67-9115-3EB7B4DBFB3B}.Ad-Hoc|iPhoneSimulator.ActiveCfg = Release|Any CPU
		{36928FC2-DC99-4B67-9115-3EB7B4DBFB3B}.Ad-Hoc|iPhoneSimulator.Build.0 = Release|Any CPU
		{36928FC2-DC99-4B67-9115-3EB7B4DBFB3B}.Ad-Hoc|iPhoneSimulator.Deploy.0 = Release|Any CPU
		{36928FC2-DC99-4B67-9115-3EB7B4DBFB3B}.Ad-Hoc|x64.ActiveCfg = Release|Any CPU
		{36928FC2-DC99-4B67-9115-3EB7B4DBFB3B}.Ad-Hoc|x64.Build.0 = Release|Any CPU
		{36928FC2-DC99-4B67-9115-3EB7B4DBFB3B}.Ad-Hoc|x64.Deploy.0 = Release|Any CPU
		{36928FC2-DC99-4B67-9115-3EB7B4DBFB3B}.Ad-Hoc|x86.ActiveCfg = Release|Any CPU
		{36928FC2-DC99-4B67-9115-3EB7B4DBFB3B}.Ad-Hoc|x86.Build.0 = Release|Any CPU
		{36928FC2-DC99-4B67-9115-3EB7B4DBFB3B}.Ad-Hoc|x86.Deploy.0 = Release|Any CPU
		{36928FC2-DC99-4B67-9115-3EB7B4DBFB3B}.AppStore|Any CPU.ActiveCfg = Release|Any CPU
		{36928FC2-DC99-4B67-9115-3EB7B4DBFB3B}.AppStore|Any CPU.Build.0 = Release|Any CPU
		{36928FC2-DC99-4B67-9115-3EB7B4DBFB3B}.AppStore|Any CPU.Deploy.0 = Release|Any CPU
		{36928FC2-DC99-4B67-9115-3EB7B4DBFB3B}.AppStore|ARM.ActiveCfg = Release|Any CPU
		{36928FC2-DC99-4B67-9115-3EB7B4DBFB3B}.AppStore|ARM.Build.0 = Release|Any CPU
		{36928FC2-DC99-4B67-9115-3EB7B4DBFB3B}.AppStore|ARM.Deploy.0 = Release|Any CPU
		{36928FC2-DC99-4B67-9115-3EB7B4DBFB3B}.AppStore|iPhone.ActiveCfg = Release|Any CPU
		{36928FC2-DC99-4B67-9115-3EB7B4DBFB3B}.AppStore|iPhone.Build.0 = Release|Any CPU
		{36928FC2-DC99-4B67-9115-3EB7B4DBFB3B}.AppStore|iPhone.Deploy.0 = Release|Any CPU
		{36928FC2-DC99-4B67-9115-3EB7B4DBFB3B}.AppStore|iPhoneSimulator.ActiveCfg = Release|Any CPU
		{36928FC2-DC99-4B67-9115-3EB7B4DBFB3B}.AppStore|iPhoneSimulator.Build.0 = Release|Any CPU
		{36928FC2-DC99-4B67-9115-3EB7B4DBFB3B}.AppStore|iPhoneSimulator.Deploy.0 = Release|Any CPU
		{36928FC2-DC99-4B67-9115-3EB7B4DBFB3B}.AppStore|x64.ActiveCfg = Release|Any CPU
		{36928FC2-DC99-4B67-9115-3EB7B4DBFB3B}.AppStore|x64.Build.0 = Release|Any CPU
		{36928FC2-DC99-4B67-9115-3EB7B4DBFB3B}.AppStore|x64.Deploy.0 = Release|Any CPU
		{36928FC2-DC99-4B67-9115-3EB7B4DBFB3B}.AppStore|x86.ActiveCfg = Release|Any CPU
		{36928FC2-DC99-4B67-9115-3EB7B4DBFB3B}.AppStore|x86.Build.0 = Release|Any CPU
		{36928FC2-DC99-4B67-9115-3EB7B4DBFB3B}.AppStore|x86.Deploy.0 = Release|Any CPU
		{36928FC2-DC99-4B67-9115-3EB7B4DBFB3B}.Debug|Any CPU.ActiveCfg = Debug|Any CPU
		{36928FC2-DC99-4B67-9115-3EB7B4DBFB3B}.Debug|Any CPU.Build.0 = Debug|Any CPU
		{36928FC2-DC99-4B67-9115-3EB7B4DBFB3B}.Debug|Any CPU.Deploy.0 = Debug|Any CPU
		{36928FC2-DC99-4B67-9115-3EB7B4DBFB3B}.Debug|ARM.ActiveCfg = Debug|Any CPU
		{36928FC2-DC99-4B67-9115-3EB7B4DBFB3B}.Debug|ARM.Build.0 = Debug|Any CPU
		{36928FC2-DC99-4B67-9115-3EB7B4DBFB3B}.Debug|ARM.Deploy.0 = Debug|Any CPU
		{36928FC2-DC99-4B67-9115-3EB7B4DBFB3B}.Debug|iPhone.ActiveCfg = Debug|Any CPU
		{36928FC2-DC99-4B67-9115-3EB7B4DBFB3B}.Debug|iPhone.Build.0 = Debug|Any CPU
		{36928FC2-DC99-4B67-9115-3EB7B4DBFB3B}.Debug|iPhone.Deploy.0 = Debug|Any CPU
		{36928FC2-DC99-4B67-9115-3EB7B4DBFB3B}.Debug|iPhoneSimulator.ActiveCfg = Debug|Any CPU
		{36928FC2-DC99-4B67-9115-3EB7B4DBFB3B}.Debug|iPhoneSimulator.Build.0 = Debug|Any CPU
		{36928FC2-DC99-4B67-9115-3EB7B4DBFB3B}.Debug|iPhoneSimulator.Deploy.0 = Debug|Any CPU
		{36928FC2-DC99-4B67-9115-3EB7B4DBFB3B}.Debug|x64.ActiveCfg = Debug|Any CPU
		{36928FC2-DC99-4B67-9115-3EB7B4DBFB3B}.Debug|x64.Build.0 = Debug|Any CPU
		{36928FC2-DC99-4B67-9115-3EB7B4DBFB3B}.Debug|x64.Deploy.0 = Debug|Any CPU
		{36928FC2-DC99-4B67-9115-3EB7B4DBFB3B}.Debug|x86.ActiveCfg = Debug|Any CPU
		{36928FC2-DC99-4B67-9115-3EB7B4DBFB3B}.Debug|x86.Build.0 = Debug|Any CPU
		{36928FC2-DC99-4B67-9115-3EB7B4DBFB3B}.Debug|x86.Deploy.0 = Debug|Any CPU
		{36928FC2-DC99-4B67-9115-3EB7B4DBFB3B}.Release|Any CPU.ActiveCfg = Release|Any CPU
		{36928FC2-DC99-4B67-9115-3EB7B4DBFB3B}.Release|Any CPU.Build.0 = Release|Any CPU
		{36928FC2-DC99-4B67-9115-3EB7B4DBFB3B}.Release|Any CPU.Deploy.0 = Release|Any CPU
		{36928FC2-DC99-4B67-9115-3EB7B4DBFB3B}.Release|ARM.ActiveCfg = Release|Any CPU
		{36928FC2-DC99-4B67-9115-3EB7B4DBFB3B}.Release|ARM.Build.0 = Release|Any CPU
		{36928FC2-DC99-4B67-9115-3EB7B4DBFB3B}.Release|ARM.Deploy.0 = Release|Any CPU
		{36928FC2-DC99-4B67-9115-3EB7B4DBFB3B}.Release|iPhone.ActiveCfg = Release|Any CPU
		{36928FC2-DC99-4B67-9115-3EB7B4DBFB3B}.Release|iPhone.Build.0 = Release|Any CPU
		{36928FC2-DC99-4B67-9115-3EB7B4DBFB3B}.Release|iPhone.Deploy.0 = Release|Any CPU
		{36928FC2-DC99-4B67-9115-3EB7B4DBFB3B}.Release|iPhoneSimulator.ActiveCfg = Release|Any CPU
		{36928FC2-DC99-4B67-9115-3EB7B4DBFB3B}.Release|iPhoneSimulator.Build.0 = Release|Any CPU
		{36928FC2-DC99-4B67-9115-3EB7B4DBFB3B}.Release|iPhoneSimulator.Deploy.0 = Release|Any CPU
		{36928FC2-DC99-4B67-9115-3EB7B4DBFB3B}.Release|x64.ActiveCfg = Release|Any CPU
		{36928FC2-DC99-4B67-9115-3EB7B4DBFB3B}.Release|x64.Build.0 = Release|Any CPU
		{36928FC2-DC99-4B67-9115-3EB7B4DBFB3B}.Release|x64.Deploy.0 = Release|Any CPU
		{36928FC2-DC99-4B67-9115-3EB7B4DBFB3B}.Release|x86.ActiveCfg = Release|Any CPU
		{36928FC2-DC99-4B67-9115-3EB7B4DBFB3B}.Release|x86.Build.0 = Release|Any CPU
		{36928FC2-DC99-4B67-9115-3EB7B4DBFB3B}.Release|x86.Deploy.0 = Release|Any CPU
		{F7684FA9-128B-4287-8A07-6A6B3B898E69}.Ad-Hoc|Any CPU.ActiveCfg = Ad-Hoc|iPhone
		{F7684FA9-128B-4287-8A07-6A6B3B898E69}.Ad-Hoc|ARM.ActiveCfg = Ad-Hoc|iPhone
		{F7684FA9-128B-4287-8A07-6A6B3B898E69}.Ad-Hoc|iPhone.ActiveCfg = Ad-Hoc|iPhone
		{F7684FA9-128B-4287-8A07-6A6B3B898E69}.Ad-Hoc|iPhone.Build.0 = Ad-Hoc|iPhone
		{F7684FA9-128B-4287-8A07-6A6B3B898E69}.Ad-Hoc|iPhoneSimulator.ActiveCfg = Ad-Hoc|iPhoneSimulator
		{F7684FA9-128B-4287-8A07-6A6B3B898E69}.Ad-Hoc|iPhoneSimulator.Build.0 = Ad-Hoc|iPhoneSimulator
		{F7684FA9-128B-4287-8A07-6A6B3B898E69}.Ad-Hoc|x64.ActiveCfg = Ad-Hoc|iPhone
		{F7684FA9-128B-4287-8A07-6A6B3B898E69}.Ad-Hoc|x86.ActiveCfg = Ad-Hoc|iPhone
		{F7684FA9-128B-4287-8A07-6A6B3B898E69}.AppStore|Any CPU.ActiveCfg = AppStore|iPhone
		{F7684FA9-128B-4287-8A07-6A6B3B898E69}.AppStore|ARM.ActiveCfg = AppStore|iPhone
		{F7684FA9-128B-4287-8A07-6A6B3B898E69}.AppStore|iPhone.ActiveCfg = AppStore|iPhone
		{F7684FA9-128B-4287-8A07-6A6B3B898E69}.AppStore|iPhone.Build.0 = AppStore|iPhone
		{F7684FA9-128B-4287-8A07-6A6B3B898E69}.AppStore|iPhoneSimulator.ActiveCfg = AppStore|iPhoneSimulator
		{F7684FA9-128B-4287-8A07-6A6B3B898E69}.AppStore|iPhoneSimulator.Build.0 = AppStore|iPhoneSimulator
		{F7684FA9-128B-4287-8A07-6A6B3B898E69}.AppStore|x64.ActiveCfg = AppStore|iPhone
		{F7684FA9-128B-4287-8A07-6A6B3B898E69}.AppStore|x86.ActiveCfg = AppStore|iPhone
		{F7684FA9-128B-4287-8A07-6A6B3B898E69}.Debug|Any CPU.ActiveCfg = Debug|iPhone
		{F7684FA9-128B-4287-8A07-6A6B3B898E69}.Debug|ARM.ActiveCfg = Debug|iPhone
		{F7684FA9-128B-4287-8A07-6A6B3B898E69}.Debug|iPhone.ActiveCfg = Debug|iPhone
		{F7684FA9-128B-4287-8A07-6A6B3B898E69}.Debug|iPhone.Build.0 = Debug|iPhone
		{F7684FA9-128B-4287-8A07-6A6B3B898E69}.Debug|iPhoneSimulator.ActiveCfg = Debug|iPhoneSimulator
		{F7684FA9-128B-4287-8A07-6A6B3B898E69}.Debug|iPhoneSimulator.Build.0 = Debug|iPhoneSimulator
		{F7684FA9-128B-4287-8A07-6A6B3B898E69}.Debug|x64.ActiveCfg = Debug|iPhone
		{F7684FA9-128B-4287-8A07-6A6B3B898E69}.Debug|x86.ActiveCfg = Debug|iPhone
		{F7684FA9-128B-4287-8A07-6A6B3B898E69}.Release|Any CPU.ActiveCfg = Release|iPhone
		{F7684FA9-128B-4287-8A07-6A6B3B898E69}.Release|ARM.ActiveCfg = Release|iPhone
		{F7684FA9-128B-4287-8A07-6A6B3B898E69}.Release|iPhone.ActiveCfg = Release|iPhone
		{F7684FA9-128B-4287-8A07-6A6B3B898E69}.Release|iPhone.Build.0 = Release|iPhone
		{F7684FA9-128B-4287-8A07-6A6B3B898E69}.Release|iPhoneSimulator.ActiveCfg = Release|iPhoneSimulator
		{F7684FA9-128B-4287-8A07-6A6B3B898E69}.Release|iPhoneSimulator.Build.0 = Release|iPhoneSimulator
		{F7684FA9-128B-4287-8A07-6A6B3B898E69}.Release|x64.ActiveCfg = Release|iPhone
		{F7684FA9-128B-4287-8A07-6A6B3B898E69}.Release|x86.ActiveCfg = Release|iPhone
		{43CEBD75-F28D-46DB-8324-ADC2FB4B7C58}.Ad-Hoc|Any CPU.ActiveCfg = Release|x86
		{43CEBD75-F28D-46DB-8324-ADC2FB4B7C58}.Ad-Hoc|Any CPU.Build.0 = Release|x86
		{43CEBD75-F28D-46DB-8324-ADC2FB4B7C58}.Ad-Hoc|Any CPU.Deploy.0 = Release|x86
		{43CEBD75-F28D-46DB-8324-ADC2FB4B7C58}.Ad-Hoc|ARM.ActiveCfg = Release|ARM
		{43CEBD75-F28D-46DB-8324-ADC2FB4B7C58}.Ad-Hoc|ARM.Build.0 = Release|ARM
		{43CEBD75-F28D-46DB-8324-ADC2FB4B7C58}.Ad-Hoc|ARM.Deploy.0 = Release|ARM
		{43CEBD75-F28D-46DB-8324-ADC2FB4B7C58}.Ad-Hoc|iPhone.ActiveCfg = Release|x86
		{43CEBD75-F28D-46DB-8324-ADC2FB4B7C58}.Ad-Hoc|iPhone.Build.0 = Release|x86
		{43CEBD75-F28D-46DB-8324-ADC2FB4B7C58}.Ad-Hoc|iPhone.Deploy.0 = Release|x86
		{43CEBD75-F28D-46DB-8324-ADC2FB4B7C58}.Ad-Hoc|iPhoneSimulator.ActiveCfg = Release|x86
		{43CEBD75-F28D-46DB-8324-ADC2FB4B7C58}.Ad-Hoc|iPhoneSimulator.Build.0 = Release|x86
		{43CEBD75-F28D-46DB-8324-ADC2FB4B7C58}.Ad-Hoc|iPhoneSimulator.Deploy.0 = Release|x86
		{43CEBD75-F28D-46DB-8324-ADC2FB4B7C58}.Ad-Hoc|x64.ActiveCfg = Release|x64
		{43CEBD75-F28D-46DB-8324-ADC2FB4B7C58}.Ad-Hoc|x64.Build.0 = Release|x64
		{43CEBD75-F28D-46DB-8324-ADC2FB4B7C58}.Ad-Hoc|x64.Deploy.0 = Release|x64
		{43CEBD75-F28D-46DB-8324-ADC2FB4B7C58}.Ad-Hoc|x86.ActiveCfg = Release|x86
		{43CEBD75-F28D-46DB-8324-ADC2FB4B7C58}.Ad-Hoc|x86.Build.0 = Release|x86
		{43CEBD75-F28D-46DB-8324-ADC2FB4B7C58}.Ad-Hoc|x86.Deploy.0 = Release|x86
		{43CEBD75-F28D-46DB-8324-ADC2FB4B7C58}.AppStore|Any CPU.ActiveCfg = Release|x86
		{43CEBD75-F28D-46DB-8324-ADC2FB4B7C58}.AppStore|Any CPU.Build.0 = Release|x86
		{43CEBD75-F28D-46DB-8324-ADC2FB4B7C58}.AppStore|Any CPU.Deploy.0 = Release|x86
		{43CEBD75-F28D-46DB-8324-ADC2FB4B7C58}.AppStore|ARM.ActiveCfg = Release|ARM
		{43CEBD75-F28D-46DB-8324-ADC2FB4B7C58}.AppStore|ARM.Build.0 = Release|ARM
		{43CEBD75-F28D-46DB-8324-ADC2FB4B7C58}.AppStore|ARM.Deploy.0 = Release|ARM
		{43CEBD75-F28D-46DB-8324-ADC2FB4B7C58}.AppStore|iPhone.ActiveCfg = Release|x86
		{43CEBD75-F28D-46DB-8324-ADC2FB4B7C58}.AppStore|iPhone.Build.0 = Release|x86
		{43CEBD75-F28D-46DB-8324-ADC2FB4B7C58}.AppStore|iPhone.Deploy.0 = Release|x86
		{43CEBD75-F28D-46DB-8324-ADC2FB4B7C58}.AppStore|iPhoneSimulator.ActiveCfg = Release|x86
		{43CEBD75-F28D-46DB-8324-ADC2FB4B7C58}.AppStore|iPhoneSimulator.Build.0 = Release|x86
		{43CEBD75-F28D-46DB-8324-ADC2FB4B7C58}.AppStore|iPhoneSimulator.Deploy.0 = Release|x86
		{43CEBD75-F28D-46DB-8324-ADC2FB4B7C58}.AppStore|x64.ActiveCfg = Release|x64
		{43CEBD75-F28D-46DB-8324-ADC2FB4B7C58}.AppStore|x64.Build.0 = Release|x64
		{43CEBD75-F28D-46DB-8324-ADC2FB4B7C58}.AppStore|x64.Deploy.0 = Release|x64
		{43CEBD75-F28D-46DB-8324-ADC2FB4B7C58}.AppStore|x86.ActiveCfg = Release|x86
		{43CEBD75-F28D-46DB-8324-ADC2FB4B7C58}.AppStore|x86.Build.0 = Release|x86
		{43CEBD75-F28D-46DB-8324-ADC2FB4B7C58}.AppStore|x86.Deploy.0 = Release|x86
		{43CEBD75-F28D-46DB-8324-ADC2FB4B7C58}.Debug|Any CPU.ActiveCfg = Debug|x86
		{43CEBD75-F28D-46DB-8324-ADC2FB4B7C58}.Debug|ARM.ActiveCfg = Debug|ARM
		{43CEBD75-F28D-46DB-8324-ADC2FB4B7C58}.Debug|ARM.Build.0 = Debug|ARM
		{43CEBD75-F28D-46DB-8324-ADC2FB4B7C58}.Debug|ARM.Deploy.0 = Debug|ARM
		{43CEBD75-F28D-46DB-8324-ADC2FB4B7C58}.Debug|iPhone.ActiveCfg = Debug|x86
		{43CEBD75-F28D-46DB-8324-ADC2FB4B7C58}.Debug|iPhoneSimulator.ActiveCfg = Debug|x86
		{43CEBD75-F28D-46DB-8324-ADC2FB4B7C58}.Debug|x64.ActiveCfg = Debug|x64
		{43CEBD75-F28D-46DB-8324-ADC2FB4B7C58}.Debug|x64.Build.0 = Debug|x64
		{43CEBD75-F28D-46DB-8324-ADC2FB4B7C58}.Debug|x64.Deploy.0 = Debug|x64
		{43CEBD75-F28D-46DB-8324-ADC2FB4B7C58}.Debug|x86.ActiveCfg = Debug|x86
		{43CEBD75-F28D-46DB-8324-ADC2FB4B7C58}.Debug|x86.Build.0 = Debug|x86
		{43CEBD75-F28D-46DB-8324-ADC2FB4B7C58}.Debug|x86.Deploy.0 = Debug|x86
		{43CEBD75-F28D-46DB-8324-ADC2FB4B7C58}.Release|Any CPU.ActiveCfg = Release|x86
		{43CEBD75-F28D-46DB-8324-ADC2FB4B7C58}.Release|ARM.ActiveCfg = Release|ARM
		{43CEBD75-F28D-46DB-8324-ADC2FB4B7C58}.Release|ARM.Build.0 = Release|ARM
		{43CEBD75-F28D-46DB-8324-ADC2FB4B7C58}.Release|ARM.Deploy.0 = Release|ARM
		{43CEBD75-F28D-46DB-8324-ADC2FB4B7C58}.Release|iPhone.ActiveCfg = Release|x86
		{43CEBD75-F28D-46DB-8324-ADC2FB4B7C58}.Release|iPhoneSimulator.ActiveCfg = Release|x86
		{43CEBD75-F28D-46DB-8324-ADC2FB4B7C58}.Release|x64.ActiveCfg = Release|x64
		{43CEBD75-F28D-46DB-8324-ADC2FB4B7C58}.Release|x64.Build.0 = Release|x64
		{43CEBD75-F28D-46DB-8324-ADC2FB4B7C58}.Release|x64.Deploy.0 = Release|x64
		{43CEBD75-F28D-46DB-8324-ADC2FB4B7C58}.Release|x86.ActiveCfg = Release|x86
		{43CEBD75-F28D-46DB-8324-ADC2FB4B7C58}.Release|x86.Build.0 = Release|x86
		{43CEBD75-F28D-46DB-8324-ADC2FB4B7C58}.Release|x86.Deploy.0 = Release|x86
		{6D3CF23F-E8CA-4E46-A3B5-E1286A3EAB48}.Ad-Hoc|Any CPU.ActiveCfg = Release|Any CPU
		{6D3CF23F-E8CA-4E46-A3B5-E1286A3EAB48}.Ad-Hoc|Any CPU.Build.0 = Release|Any CPU
		{6D3CF23F-E8CA-4E46-A3B5-E1286A3EAB48}.Ad-Hoc|ARM.ActiveCfg = Release|Any CPU
		{6D3CF23F-E8CA-4E46-A3B5-E1286A3EAB48}.Ad-Hoc|ARM.Build.0 = Release|Any CPU
		{6D3CF23F-E8CA-4E46-A3B5-E1286A3EAB48}.Ad-Hoc|iPhone.ActiveCfg = Release|Any CPU
		{6D3CF23F-E8CA-4E46-A3B5-E1286A3EAB48}.Ad-Hoc|iPhone.Build.0 = Release|Any CPU
		{6D3CF23F-E8CA-4E46-A3B5-E1286A3EAB48}.Ad-Hoc|iPhoneSimulator.ActiveCfg = Release|Any CPU
		{6D3CF23F-E8CA-4E46-A3B5-E1286A3EAB48}.Ad-Hoc|iPhoneSimulator.Build.0 = Release|Any CPU
		{6D3CF23F-E8CA-4E46-A3B5-E1286A3EAB48}.Ad-Hoc|x64.ActiveCfg = Release|Any CPU
		{6D3CF23F-E8CA-4E46-A3B5-E1286A3EAB48}.Ad-Hoc|x64.Build.0 = Release|Any CPU
		{6D3CF23F-E8CA-4E46-A3B5-E1286A3EAB48}.Ad-Hoc|x86.ActiveCfg = Release|Any CPU
		{6D3CF23F-E8CA-4E46-A3B5-E1286A3EAB48}.Ad-Hoc|x86.Build.0 = Release|Any CPU
		{6D3CF23F-E8CA-4E46-A3B5-E1286A3EAB48}.AppStore|Any CPU.ActiveCfg = Release|Any CPU
		{6D3CF23F-E8CA-4E46-A3B5-E1286A3EAB48}.AppStore|Any CPU.Build.0 = Release|Any CPU
		{6D3CF23F-E8CA-4E46-A3B5-E1286A3EAB48}.AppStore|ARM.ActiveCfg = Release|Any CPU
		{6D3CF23F-E8CA-4E46-A3B5-E1286A3EAB48}.AppStore|ARM.Build.0 = Release|Any CPU
		{6D3CF23F-E8CA-4E46-A3B5-E1286A3EAB48}.AppStore|iPhone.ActiveCfg = Release|Any CPU
		{6D3CF23F-E8CA-4E46-A3B5-E1286A3EAB48}.AppStore|iPhone.Build.0 = Release|Any CPU
		{6D3CF23F-E8CA-4E46-A3B5-E1286A3EAB48}.AppStore|iPhoneSimulator.ActiveCfg = Release|Any CPU
		{6D3CF23F-E8CA-4E46-A3B5-E1286A3EAB48}.AppStore|iPhoneSimulator.Build.0 = Release|Any CPU
		{6D3CF23F-E8CA-4E46-A3B5-E1286A3EAB48}.AppStore|x64.ActiveCfg = Release|Any CPU
		{6D3CF23F-E8CA-4E46-A3B5-E1286A3EAB48}.AppStore|x64.Build.0 = Release|Any CPU
		{6D3CF23F-E8CA-4E46-A3B5-E1286A3EAB48}.AppStore|x86.ActiveCfg = Release|Any CPU
		{6D3CF23F-E8CA-4E46-A3B5-E1286A3EAB48}.AppStore|x86.Build.0 = Release|Any CPU
		{6D3CF23F-E8CA-4E46-A3B5-E1286A3EAB48}.Debug|Any CPU.ActiveCfg = Debug|Any CPU
		{6D3CF23F-E8CA-4E46-A3B5-E1286A3EAB48}.Debug|Any CPU.Build.0 = Debug|Any CPU
		{6D3CF23F-E8CA-4E46-A3B5-E1286A3EAB48}.Debug|ARM.ActiveCfg = Debug|Any CPU
		{6D3CF23F-E8CA-4E46-A3B5-E1286A3EAB48}.Debug|ARM.Build.0 = Debug|Any CPU
		{6D3CF23F-E8CA-4E46-A3B5-E1286A3EAB48}.Debug|iPhone.ActiveCfg = Debug|Any CPU
		{6D3CF23F-E8CA-4E46-A3B5-E1286A3EAB48}.Debug|iPhone.Build.0 = Debug|Any CPU
		{6D3CF23F-E8CA-4E46-A3B5-E1286A3EAB48}.Debug|iPhoneSimulator.ActiveCfg = Debug|Any CPU
		{6D3CF23F-E8CA-4E46-A3B5-E1286A3EAB48}.Debug|iPhoneSimulator.Build.0 = Debug|Any CPU
		{6D3CF23F-E8CA-4E46-A3B5-E1286A3EAB48}.Debug|x64.ActiveCfg = Debug|Any CPU
		{6D3CF23F-E8CA-4E46-A3B5-E1286A3EAB48}.Debug|x64.Build.0 = Debug|Any CPU
		{6D3CF23F-E8CA-4E46-A3B5-E1286A3EAB48}.Debug|x86.ActiveCfg = Debug|Any CPU
		{6D3CF23F-E8CA-4E46-A3B5-E1286A3EAB48}.Debug|x86.Build.0 = Debug|Any CPU
		{6D3CF23F-E8CA-4E46-A3B5-E1286A3EAB48}.Release|Any CPU.ActiveCfg = Release|Any CPU
		{6D3CF23F-E8CA-4E46-A3B5-E1286A3EAB48}.Release|Any CPU.Build.0 = Release|Any CPU
		{6D3CF23F-E8CA-4E46-A3B5-E1286A3EAB48}.Release|ARM.ActiveCfg = Release|Any CPU
		{6D3CF23F-E8CA-4E46-A3B5-E1286A3EAB48}.Release|ARM.Build.0 = Release|Any CPU
		{6D3CF23F-E8CA-4E46-A3B5-E1286A3EAB48}.Release|iPhone.ActiveCfg = Release|Any CPU
		{6D3CF23F-E8CA-4E46-A3B5-E1286A3EAB48}.Release|iPhone.Build.0 = Release|Any CPU
		{6D3CF23F-E8CA-4E46-A3B5-E1286A3EAB48}.Release|iPhoneSimulator.ActiveCfg = Release|Any CPU
		{6D3CF23F-E8CA-4E46-A3B5-E1286A3EAB48}.Release|iPhoneSimulator.Build.0 = Release|Any CPU
		{6D3CF23F-E8CA-4E46-A3B5-E1286A3EAB48}.Release|x64.ActiveCfg = Release|Any CPU
		{6D3CF23F-E8CA-4E46-A3B5-E1286A3EAB48}.Release|x64.Build.0 = Release|Any CPU
		{6D3CF23F-E8CA-4E46-A3B5-E1286A3EAB48}.Release|x86.ActiveCfg = Release|Any CPU
		{6D3CF23F-E8CA-4E46-A3B5-E1286A3EAB48}.Release|x86.Build.0 = Release|Any CPU
		{F778176C-232E-464A-98A1-20D726ADB0BB}.Ad-Hoc|Any CPU.ActiveCfg = Release|Any CPU
		{F778176C-232E-464A-98A1-20D726ADB0BB}.Ad-Hoc|Any CPU.Build.0 = Release|Any CPU
		{F778176C-232E-464A-98A1-20D726ADB0BB}.Ad-Hoc|ARM.ActiveCfg = Release|Any CPU
		{F778176C-232E-464A-98A1-20D726ADB0BB}.Ad-Hoc|ARM.Build.0 = Release|Any CPU
		{F778176C-232E-464A-98A1-20D726ADB0BB}.Ad-Hoc|iPhone.ActiveCfg = Release|Any CPU
		{F778176C-232E-464A-98A1-20D726ADB0BB}.Ad-Hoc|iPhone.Build.0 = Release|Any CPU
		{F778176C-232E-464A-98A1-20D726ADB0BB}.Ad-Hoc|iPhoneSimulator.ActiveCfg = Release|Any CPU
		{F778176C-232E-464A-98A1-20D726ADB0BB}.Ad-Hoc|iPhoneSimulator.Build.0 = Release|Any CPU
		{F778176C-232E-464A-98A1-20D726ADB0BB}.Ad-Hoc|x64.ActiveCfg = Release|Any CPU
		{F778176C-232E-464A-98A1-20D726ADB0BB}.Ad-Hoc|x64.Build.0 = Release|Any CPU
		{F778176C-232E-464A-98A1-20D726ADB0BB}.Ad-Hoc|x86.ActiveCfg = Release|Any CPU
		{F778176C-232E-464A-98A1-20D726ADB0BB}.Ad-Hoc|x86.Build.0 = Release|Any CPU
		{F778176C-232E-464A-98A1-20D726ADB0BB}.AppStore|Any CPU.ActiveCfg = Release|Any CPU
		{F778176C-232E-464A-98A1-20D726ADB0BB}.AppStore|Any CPU.Build.0 = Release|Any CPU
		{F778176C-232E-464A-98A1-20D726ADB0BB}.AppStore|ARM.ActiveCfg = Release|Any CPU
		{F778176C-232E-464A-98A1-20D726ADB0BB}.AppStore|ARM.Build.0 = Release|Any CPU
		{F778176C-232E-464A-98A1-20D726ADB0BB}.AppStore|iPhone.ActiveCfg = Release|Any CPU
		{F778176C-232E-464A-98A1-20D726ADB0BB}.AppStore|iPhone.Build.0 = Release|Any CPU
		{F778176C-232E-464A-98A1-20D726ADB0BB}.AppStore|iPhoneSimulator.ActiveCfg = Release|Any CPU
		{F778176C-232E-464A-98A1-20D726ADB0BB}.AppStore|iPhoneSimulator.Build.0 = Release|Any CPU
		{F778176C-232E-464A-98A1-20D726ADB0BB}.AppStore|x64.ActiveCfg = Release|Any CPU
		{F778176C-232E-464A-98A1-20D726ADB0BB}.AppStore|x64.Build.0 = Release|Any CPU
		{F778176C-232E-464A-98A1-20D726ADB0BB}.AppStore|x86.ActiveCfg = Release|Any CPU
		{F778176C-232E-464A-98A1-20D726ADB0BB}.AppStore|x86.Build.0 = Release|Any CPU
		{F778176C-232E-464A-98A1-20D726ADB0BB}.Debug|Any CPU.ActiveCfg = Debug|Any CPU
		{F778176C-232E-464A-98A1-20D726ADB0BB}.Debug|Any CPU.Build.0 = Debug|Any CPU
		{F778176C-232E-464A-98A1-20D726ADB0BB}.Debug|ARM.ActiveCfg = Debug|Any CPU
		{F778176C-232E-464A-98A1-20D726ADB0BB}.Debug|ARM.Build.0 = Debug|Any CPU
		{F778176C-232E-464A-98A1-20D726ADB0BB}.Debug|iPhone.ActiveCfg = Debug|Any CPU
		{F778176C-232E-464A-98A1-20D726ADB0BB}.Debug|iPhone.Build.0 = Debug|Any CPU
		{F778176C-232E-464A-98A1-20D726ADB0BB}.Debug|iPhoneSimulator.ActiveCfg = Debug|Any CPU
		{F778176C-232E-464A-98A1-20D726ADB0BB}.Debug|iPhoneSimulator.Build.0 = Debug|Any CPU
		{F778176C-232E-464A-98A1-20D726ADB0BB}.Debug|x64.ActiveCfg = Debug|Any CPU
		{F778176C-232E-464A-98A1-20D726ADB0BB}.Debug|x64.Build.0 = Debug|Any CPU
		{F778176C-232E-464A-98A1-20D726ADB0BB}.Debug|x86.ActiveCfg = Debug|Any CPU
		{F778176C-232E-464A-98A1-20D726ADB0BB}.Debug|x86.Build.0 = Debug|Any CPU
		{F778176C-232E-464A-98A1-20D726ADB0BB}.Release|Any CPU.ActiveCfg = Release|Any CPU
		{F778176C-232E-464A-98A1-20D726ADB0BB}.Release|Any CPU.Build.0 = Release|Any CPU
		{F778176C-232E-464A-98A1-20D726ADB0BB}.Release|ARM.ActiveCfg = Release|Any CPU
		{F778176C-232E-464A-98A1-20D726ADB0BB}.Release|ARM.Build.0 = Release|Any CPU
		{F778176C-232E-464A-98A1-20D726ADB0BB}.Release|iPhone.ActiveCfg = Release|Any CPU
		{F778176C-232E-464A-98A1-20D726ADB0BB}.Release|iPhone.Build.0 = Release|Any CPU
		{F778176C-232E-464A-98A1-20D726ADB0BB}.Release|iPhoneSimulator.ActiveCfg = Release|Any CPU
		{F778176C-232E-464A-98A1-20D726ADB0BB}.Release|iPhoneSimulator.Build.0 = Release|Any CPU
		{F778176C-232E-464A-98A1-20D726ADB0BB}.Release|x64.ActiveCfg = Release|Any CPU
		{F778176C-232E-464A-98A1-20D726ADB0BB}.Release|x64.Build.0 = Release|Any CPU
		{F778176C-232E-464A-98A1-20D726ADB0BB}.Release|x86.ActiveCfg = Release|Any CPU
		{F778176C-232E-464A-98A1-20D726ADB0BB}.Release|x86.Build.0 = Release|Any CPU
	EndGlobalSection
	GlobalSection(SolutionProperties) = preSolution
		HideSolutionNode = FALSE
	EndGlobalSection
EndGlobal
